
Microsoft Visual Studio Solution File, Format Version 12.00
# Visual Studio Version 16
VisualStudioVersion = 16.0.30320.27
MinimumVisualStudioVersion = 10.0.40219.1
Project("{9A19103F-16F7-4668-BE54-9A1E7A4F7556}") = "WebApiSenseWord", "WebApiSenseWord\WebApiSenseWord.csproj", "{D0FABFE0-B7CF-4CFC-B043-B8E4A3664813}"
EndProject
Project("{9A19103F-16F7-4668-BE54-9A1E7A4F7556}") = "Infrastructure.Entity", "Infrastructure.Entity\Infrastructure.Entity.csproj", "{F675575C-EAC7-4830-AB31-FACCAEB31018}"
EndProject
Project("{2150E333-8FDC-42A3-9474-1A3956D46DE8}") = "Infrastructure", "Infrastructure", "{A2903830-7018-49E2-B16C-BAC02A76A2BF}"
EndProject
Project("{2150E333-8FDC-42A3-9474-1A3956D46DE8}") = "Presentation", "Presentation", "{08C09299-9962-4C74-B1E5-D3DBDCF1210B}"
EndProject
Project("{9A19103F-16F7-4668-BE54-9A1E7A4F7556}") = "Infrastructure.Sql", "Infrastructure.Sql\Infrastructure.Sql.csproj", "{0FF8616D-C390-4B3A-878B-99F99DB46F89}"
EndProject
Project("{2150E333-8FDC-42A3-9474-1A3956D46DE8}") = "Tests", "Tests", "{3CD9D6D9-FBE0-45F3-8D56-EB44B43ACE41}"
EndProject
Project("{9A19103F-16F7-4668-BE54-9A1E7A4F7556}") = "Infrastructure.Sql.Tests", "Infrastructure.Sql.Tests\Infrastructure.Sql.Tests.csproj", "{B6C584E2-7912-4A79-99EE-E541315755C1}"
EndProject
Project("{2150E333-8FDC-42A3-9474-1A3956D46DE8}") = "Application", "Application", "{0C45B241-991A-496D-951B-713B4CEADCD8}"
EndProject
Project("{9A19103F-16F7-4668-BE54-9A1E7A4F7556}") = "ThirdParties", "ThirdParties\ThirdParties.csproj", "{3A5D4D9B-2CDB-466D-9E31-4621CA9CE050}"
EndProject
Project("{2150E333-8FDC-42A3-9474-1A3956D46DE8}") = "Infrastructure", "Infrastructure", "{DE8CC2C9-88C0-41F3-B129-B866B248D718}"
EndProject
Project("{2150E333-8FDC-42A3-9474-1A3956D46DE8}") = "Application", "Application", "{DD3652CE-9E26-4A0E-AD7E-FC104B2E95D7}"
EndProject
Project("{9A19103F-16F7-4668-BE54-9A1E7A4F7556}") = "ThirdParties.Tests", "ThirdParties.Tests\ThirdParties.Tests.csproj", "{6E5E7B19-4D09-4302-B057-C03ED2CCFC9C}"
EndProject
Project("{9A19103F-16F7-4668-BE54-9A1E7A4F7556}") = "Application.Adapter", "Application.Adapter\Application.Adapter.csproj", "{B4BCCEB8-068A-42C4-8962-27DBDF2431A5}"
EndProject
Project("{9A19103F-16F7-4668-BE54-9A1E7A4F7556}") = "Application.Adapter.Tests", "Application.Adapter.Tests\Application.Adapter.Tests.csproj", "{035396EF-B98B-4337-AE34-1B29B29D1F2A}"
EndProject
Project("{2150E333-8FDC-42A3-9474-1A3956D46DE8}") = "Presentation", "Presentation", "{AC8BAA48-FCC1-42E7-B31F-8DF5B951074D}"
EndProject
Project("{9A19103F-16F7-4668-BE54-9A1E7A4F7556}") = "WebApiSenseWord.Tests", "WebApiSenseWord.Tests\WebApiSenseWord.Tests.csproj", "{28E68A1F-84E7-485A-A6C8-DBF7CF690D31}"
EndProject
Project("{2150E333-8FDC-42A3-9474-1A3956D46DE8}") = "AquaCore", "AquaCore", "{CC1938C9-F6E8-4F10-B440-C1726AD755EF}"
EndProject
Project("{9A19103F-16F7-4668-BE54-9A1E7A4F7556}") = "CustomException", "CustomException\CustomException.csproj", "{25B5065D-814B-47C5-BCD1-8B3AFA6660CC}"
EndProject
Project("{FAE04EC0-301F-11D3-BF4B-00C04F79EFBC}") = "CustomCore", "CustomCore\CustomCore.csproj", "{623AE2EB-59A9-4EC8-A509-E98097DBBECB}"
EndProject
Global
	GlobalSection(SolutionConfigurationPlatforms) = preSolution
		Debug|Any CPU = Debug|Any CPU
		Release|Any CPU = Release|Any CPU
	EndGlobalSection
	GlobalSection(ProjectConfigurationPlatforms) = postSolution
		{D0FABFE0-B7CF-4CFC-B043-B8E4A3664813}.Debug|Any CPU.ActiveCfg = Debug|Any CPU
		{D0FABFE0-B7CF-4CFC-B043-B8E4A3664813}.Debug|Any CPU.Build.0 = Debug|Any CPU
		{D0FABFE0-B7CF-4CFC-B043-B8E4A3664813}.Release|Any CPU.ActiveCfg = Release|Any CPU
		{D0FABFE0-B7CF-4CFC-B043-B8E4A3664813}.Release|Any CPU.Build.0 = Release|Any CPU
		{F675575C-EAC7-4830-AB31-FACCAEB31018}.Debug|Any CPU.ActiveCfg = Debug|Any CPU
		{F675575C-EAC7-4830-AB31-FACCAEB31018}.Debug|Any CPU.Build.0 = Debug|Any CPU
		{F675575C-EAC7-4830-AB31-FACCAEB31018}.Release|Any CPU.ActiveCfg = Release|Any CPU
		{F675575C-EAC7-4830-AB31-FACCAEB31018}.Release|Any CPU.Build.0 = Release|Any CPU
		{0FF8616D-C390-4B3A-878B-99F99DB46F89}.Debug|Any CPU.ActiveCfg = Debug|Any CPU
		{0FF8616D-C390-4B3A-878B-99F99DB46F89}.Debug|Any CPU.Build.0 = Debug|Any CPU
		{0FF8616D-C390-4B3A-878B-99F99DB46F89}.Release|Any CPU.ActiveCfg = Release|Any CPU
		{0FF8616D-C390-4B3A-878B-99F99DB46F89}.Release|Any CPU.Build.0 = Release|Any CPU
		{B6C584E2-7912-4A79-99EE-E541315755C1}.Debug|Any CPU.ActiveCfg = Debug|Any CPU
		{B6C584E2-7912-4A79-99EE-E541315755C1}.Debug|Any CPU.Build.0 = Debug|Any CPU
		{B6C584E2-7912-4A79-99EE-E541315755C1}.Release|Any CPU.ActiveCfg = Release|Any CPU
		{B6C584E2-7912-4A79-99EE-E541315755C1}.Release|Any CPU.Build.0 = Release|Any CPU
		{3A5D4D9B-2CDB-466D-9E31-4621CA9CE050}.Debug|Any CPU.ActiveCfg = Debug|Any CPU
		{3A5D4D9B-2CDB-466D-9E31-4621CA9CE050}.Debug|Any CPU.Build.0 = Debug|Any CPU
		{3A5D4D9B-2CDB-466D-9E31-4621CA9CE050}.Release|Any CPU.ActiveCfg = Release|Any CPU
		{3A5D4D9B-2CDB-466D-9E31-4621CA9CE050}.Release|Any CPU.Build.0 = Release|Any CPU
		{6E5E7B19-4D09-4302-B057-C03ED2CCFC9C}.Debug|Any CPU.ActiveCfg = Debug|Any CPU
		{6E5E7B19-4D09-4302-B057-C03ED2CCFC9C}.Debug|Any CPU.Build.0 = Debug|Any CPU
		{6E5E7B19-4D09-4302-B057-C03ED2CCFC9C}.Release|Any CPU.ActiveCfg = Release|Any CPU
		{6E5E7B19-4D09-4302-B057-C03ED2CCFC9C}.Release|Any CPU.Build.0 = Release|Any CPU
		{B4BCCEB8-068A-42C4-8962-27DBDF2431A5}.Debug|Any CPU.ActiveCfg = Debug|Any CPU
		{B4BCCEB8-068A-42C4-8962-27DBDF2431A5}.Debug|Any CPU.Build.0 = Debug|Any CPU
		{B4BCCEB8-068A-42C4-8962-27DBDF2431A5}.Release|Any CPU.ActiveCfg = Release|Any CPU
		{B4BCCEB8-068A-42C4-8962-27DBDF2431A5}.Release|Any CPU.Build.0 = Release|Any CPU
		{035396EF-B98B-4337-AE34-1B29B29D1F2A}.Debug|Any CPU.ActiveCfg = Debug|Any CPU
		{035396EF-B98B-4337-AE34-1B29B29D1F2A}.Debug|Any CPU.Build.0 = Debug|Any CPU
		{035396EF-B98B-4337-AE34-1B29B29D1F2A}.Release|Any CPU.ActiveCfg = Release|Any CPU
		{035396EF-B98B-4337-AE34-1B29B29D1F2A}.Release|Any CPU.Build.0 = Release|Any CPU
		{28E68A1F-84E7-485A-A6C8-DBF7CF690D31}.Debug|Any CPU.ActiveCfg = Debug|Any CPU
		{28E68A1F-84E7-485A-A6C8-DBF7CF690D31}.Debug|Any CPU.Build.0 = Debug|Any CPU
		{28E68A1F-84E7-485A-A6C8-DBF7CF690D31}.Release|Any CPU.ActiveCfg = Release|Any CPU
		{28E68A1F-84E7-485A-A6C8-DBF7CF690D31}.Release|Any CPU.Build.0 = Release|Any CPU
		{25B5065D-814B-47C5-BCD1-8B3AFA6660CC}.Debug|Any CPU.ActiveCfg = Debug|Any CPU
		{25B5065D-814B-47C5-BCD1-8B3AFA6660CC}.Debug|Any CPU.Build.0 = Debug|Any CPU
		{25B5065D-814B-47C5-BCD1-8B3AFA6660CC}.Release|Any CPU.ActiveCfg = Release|Any CPU
		{25B5065D-814B-47C5-BCD1-8B3AFA6660CC}.Release|Any CPU.Build.0 = Release|Any CPU
		{623AE2EB-59A9-4EC8-A509-E98097DBBECB}.Debug|Any CPU.ActiveCfg = Debug|Any CPU
		{623AE2EB-59A9-4EC8-A509-E98097DBBECB}.Debug|Any CPU.Build.0 = Debug|Any CPU
		{623AE2EB-59A9-4EC8-A509-E98097DBBECB}.Release|Any CPU.ActiveCfg = Release|Any CPU
		{623AE2EB-59A9-4EC8-A509-E98097DBBECB}.Release|Any CPU.Build.0 = Release|Any CPU
	EndGlobalSection
	GlobalSection(SolutionProperties) = preSolution
		HideSolutionNode = FALSE
	EndGlobalSection
	GlobalSection(NestedProjects) = preSolution
		{D0FABFE0-B7CF-4CFC-B043-B8E4A3664813} = {08C09299-9962-4C74-B1E5-D3DBDCF1210B}
		{F675575C-EAC7-4830-AB31-FACCAEB31018} = {A2903830-7018-49E2-B16C-BAC02A76A2BF}
		{0FF8616D-C390-4B3A-878B-99F99DB46F89} = {A2903830-7018-49E2-B16C-BAC02A76A2BF}
		{B6C584E2-7912-4A79-99EE-E541315755C1} = {DE8CC2C9-88C0-41F3-B129-B866B248D718}
		{3A5D4D9B-2CDB-466D-9E31-4621CA9CE050} = {0C45B241-991A-496D-951B-713B4CEADCD8}
		{DE8CC2C9-88C0-41F3-B129-B866B248D718} = {3CD9D6D9-FBE0-45F3-8D56-EB44B43ACE41}
		{DD3652CE-9E26-4A0E-AD7E-FC104B2E95D7} = {3CD9D6D9-FBE0-45F3-8D56-EB44B43ACE41}
		{6E5E7B19-4D09-4302-B057-C03ED2CCFC9C} = {DD3652CE-9E26-4A0E-AD7E-FC104B2E95D7}
		{B4BCCEB8-068A-42C4-8962-27DBDF2431A5} = {0C45B241-991A-496D-951B-713B4CEADCD8}
		{035396EF-B98B-4337-AE34-1B29B29D1F2A} = {DD3652CE-9E26-4A0E-AD7E-FC104B2E95D7}
		{AC8BAA48-FCC1-42E7-B31F-8DF5B951074D} = {3CD9D6D9-FBE0-45F3-8D56-EB44B43ACE41}
		{28E68A1F-84E7-485A-A6C8-DBF7CF690D31} = {AC8BAA48-FCC1-42E7-B31F-8DF5B951074D}
		{25B5065D-814B-47C5-BCD1-8B3AFA6660CC} = {CC1938C9-F6E8-4F10-B440-C1726AD755EF}
		{623AE2EB-59A9-4EC8-A509-E98097DBBECB} = {CC1938C9-F6E8-4F10-B440-C1726AD755EF}
	EndGlobalSection
	GlobalSection(ExtensibilityGlobals) = postSolution
		SolutionGuid = {2B9FEE00-D0E4-485D-90F8-62348CD562D0}
	EndGlobalSection
EndGlobal
